
Microsoft Visual Studio Solution File, Format Version 12.00
# Visual Studio Version 17
VisualStudioVersion = 17.3.32922.545
MinimumVisualStudioVersion = 10.0.40219.1
Project("{FAE04EC0-301F-11D3-BF4B-00C04F79EFBC}") = "LogicalPrograms", "LogicalPrograms.csproj", "{5B586FD5-D501-44B2-85DA-1CE25A972DE3}"
EndProject
Global
	GlobalSection(SolutionConfigurationPlatforms) = preSolution
		Debug|Any CPU = Debug|Any CPU
		Release|Any CPU = Release|Any CPU
	EndGlobalSection
	GlobalSection(ProjectConfigurationPlatforms) = postSolution
		{5B586FD5-D501-44B2-85DA-1CE25A972DE3}.Debug|Any CPU.ActiveCfg = Debug|Any CPU
		{5B586FD5-D501-44B2-85DA-1CE25A972DE3}.Debug|Any CPU.Build.0 = Debug|Any CPU
		{5B586FD5-D501-44B2-85DA-1CE25A972DE3}.Release|Any CPU.ActiveCfg = Release|Any CPU
		{5B586FD5-D501-44B2-85DA-1CE25A972DE3}.Release|Any CPU.Build.0 = Release|Any CPU
	EndGlobalSection
	GlobalSection(SolutionProperties) = preSolution
		HideSolutionNode = FALSE
	EndGlobalSection
	GlobalSection(ExtensibilityGlobals) = postSolution
		SolutionGuid = {C3BA8797-5C4B-4FAB-B477-1BA4C127153A}
	EndGlobalSection
EndGlobal
